
Microsoft Visual Studio Solution File, Format Version 12.00
# Visual Studio Version 16
VisualStudioVersion = 16.0.30523.141
MinimumVisualStudioVersion = 10.0.40219.1
Project("{FAE04EC0-301F-11D3-BF4B-00C04F79EFBC}") = "Employee-leave-management", "Employee-leave-management\Employee-leave-management.csproj", "{BFFC9C10-9DAF-4C84-9E39-491149ABD0C7}"
EndProject
Global
	GlobalSection(SolutionConfigurationPlatforms) = preSolution
		Debug|Any CPU = Debug|Any CPU
		Release|Any CPU = Release|Any CPU
	EndGlobalSection
	GlobalSection(ProjectConfigurationPlatforms) = postSolution
		{BFFC9C10-9DAF-4C84-9E39-491149ABD0C7}.Debug|Any CPU.ActiveCfg = Debug|Any CPU
		{BFFC9C10-9DAF-4C84-9E39-491149ABD0C7}.Debug|Any CPU.Build.0 = Debug|Any CPU
		{BFFC9C10-9DAF-4C84-9E39-491149ABD0C7}.Release|Any CPU.ActiveCfg = Release|Any CPU
		{BFFC9C10-9DAF-4C84-9E39-491149ABD0C7}.Release|Any CPU.Build.0 = Release|Any CPU
	EndGlobalSection
	GlobalSection(SolutionProperties) = preSolution
		HideSolutionNode = FALSE
	EndGlobalSection
	GlobalSection(ExtensibilityGlobals) = postSolution
		SolutionGuid = {138428A9-F26A-4F39-ACEE-0E92BFD78D82}
	EndGlobalSection
EndGlobal
